
Microsoft Visual Studio Solution File, Format Version 12.00
Project("{FAE04EC0-301F-11D3-BF4B-00C04F79EFBC}") = "IndexerService", "IndexerService\IndexerService.csproj", "{53F18513-374E-4A3E-B215-BF4A057F730C}"
EndProject
Project("{FAE04EC0-301F-11D3-BF4B-00C04F79EFBC}") = "SearchifyEngine", "SearchifyEngine\SearchifyEngine.csproj", "{6B7B50FE-03CF-4BEA-87C1-F07518A484E8}"
EndProject
Project("{FAE04EC0-301F-11D3-BF4B-00C04F79EFBC}") = "SearchifyEngine.Test", "SearchifyEngine.Test\SearchifyEngine.Test.csproj", "{D51C8EA3-0C7D-48E2-89C6-633702F06C93}"
EndProject
Global
	GlobalSection(SolutionConfigurationPlatforms) = preSolution
		Debug|Any CPU = Debug|Any CPU
		Release|Any CPU = Release|Any CPU
	EndGlobalSection
	GlobalSection(ProjectConfigurationPlatforms) = postSolution
		{53F18513-374E-4A3E-B215-BF4A057F730C}.Debug|Any CPU.ActiveCfg = Debug|Any CPU
		{53F18513-374E-4A3E-B215-BF4A057F730C}.Debug|Any CPU.Build.0 = Debug|Any CPU
		{53F18513-374E-4A3E-B215-BF4A057F730C}.Release|Any CPU.ActiveCfg = Release|Any CPU
		{53F18513-374E-4A3E-B215-BF4A057F730C}.Release|Any CPU.Build.0 = Release|Any CPU
		{6B7B50FE-03CF-4BEA-87C1-F07518A484E8}.Debug|Any CPU.ActiveCfg = Debug|Any CPU
		{6B7B50FE-03CF-4BEA-87C1-F07518A484E8}.Debug|Any CPU.Build.0 = Debug|Any CPU
		{6B7B50FE-03CF-4BEA-87C1-F07518A484E8}.Release|Any CPU.ActiveCfg = Release|Any CPU
		{6B7B50FE-03CF-4BEA-87C1-F07518A484E8}.Release|Any CPU.Build.0 = Release|Any CPU
		{D51C8EA3-0C7D-48E2-89C6-633702F06C93}.Debug|Any CPU.ActiveCfg = Debug|Any CPU
		{D51C8EA3-0C7D-48E2-89C6-633702F06C93}.Debug|Any CPU.Build.0 = Debug|Any CPU
		{D51C8EA3-0C7D-48E2-89C6-633702F06C93}.Release|Any CPU.ActiveCfg = Release|Any CPU
		{D51C8EA3-0C7D-48E2-89C6-633702F06C93}.Release|Any CPU.Build.0 = Release|Any CPU
	EndGlobalSection
EndGlobal
